
Microsoft Visual Studio Solution File, Format Version 12.00
# Visual Studio Version 17
VisualStudioVersion = 17.11.35303.130
MinimumVisualStudioVersion = 10.0.40219.1
Project("{FAE04EC0-301F-11D3-BF4B-00C04F79EFBC}") = "WPF_2", "WPF_2\WPF_2.csproj", "{A0538603-3A9F-41C9-B7DD-AEB2703CB063}"
EndProject
Global
	GlobalSection(SolutionConfigurationPlatforms) = preSolution
		Debug|Any CPU = Debug|Any CPU
		Release|Any CPU = Release|Any CPU
	EndGlobalSection
	GlobalSection(ProjectConfigurationPlatforms) = postSolution
		{A0538603-3A9F-41C9-B7DD-AEB2703CB063}.Debug|Any CPU.ActiveCfg = Debug|Any CPU
		{A0538603-3A9F-41C9-B7DD-AEB2703CB063}.Debug|Any CPU.Build.0 = Debug|Any CPU
		{A0538603-3A9F-41C9-B7DD-AEB2703CB063}.Release|Any CPU.ActiveCfg = Release|Any CPU
		{A0538603-3A9F-41C9-B7DD-AEB2703CB063}.Release|Any CPU.Build.0 = Release|Any CPU
	EndGlobalSection
	GlobalSection(SolutionProperties) = preSolution
		HideSolutionNode = FALSE
	EndGlobalSection
	GlobalSection(ExtensibilityGlobals) = postSolution
		SolutionGuid = {5B80F4C9-3882-493A-8C4E-7ED48E6E442D}
	EndGlobalSection
EndGlobal
